PODS:
  - Flutter (1.0.0)
  - flutter_plugin_qrcode (0.0.1):
    - Flutter

DEPENDENCIES:
  - Flutter (from `.symlinks/flutter/ios`)
  - flutter_plugin_qrcode (from `.symlinks/plugins/flutter_plugin_qrcode/ios`)

EXTERNAL SOURCES:
  Flutter:
    :path: ".symlinks/flutter/ios"
  flutter_plugin_qrcode:
    :path: ".symlinks/plugins/flutter_plugin_qrcode/ios"

SPEC CHECKSUMS:
  Flutter: 0e3d915762c693b495b44d77113d4970485de6ec
  flutter_plugin_qrcode: 84b540901693d41dd5ff75a692391b58bc082895

PODFILE CHECKSUM: ebd43b443038e611b86ede96e613bd6033c49497

COCOAPODS: 1.9.0.beta.3
